
Microsoft Visual Studio Solution File, Format Version 12.00
# Visual Studio Version 16
VisualStudioVersion = 16.0.30717.126
MinimumVisualStudioVersion = 10.0.40219.1
Project("{FAE04EC0-301F-11D3-BF4B-00C04F79EFBC}") = "NoGuesserV2", "NoGuesserV2.csproj", "{6C5950F3-701F-42D5-810B-8E4ADA377825}"
EndProject
Global
	GlobalSection(SolutionConfigurationPlatforms) = preSolution
		Debug|Any CPU = Debug|Any CPU
		Release|Any CPU = Release|Any CPU
	EndGlobalSection
	GlobalSection(ProjectConfigurationPlatforms) = postSolution
		{6C5950F3-701F-42D5-810B-8E4ADA377825}.Debug|Any CPU.ActiveCfg = Debug|Any CPU
		{6C5950F3-701F-42D5-810B-8E4ADA377825}.Debug|Any CPU.Build.0 = Debug|Any CPU
		{6C5950F3-701F-42D5-810B-8E4ADA377825}.Release|Any CPU.ActiveCfg = Release|Any CPU
		{6C5950F3-701F-42D5-810B-8E4ADA377825}.Release|Any CPU.Build.0 = Release|Any CPU
	EndGlobalSection
	GlobalSection(SolutionProperties) = preSolution
		HideSolutionNode = FALSE
	EndGlobalSection
	GlobalSection(ExtensibilityGlobals) = postSolution
		SolutionGuid = {667FBF2F-D0A8-4196-A8C3-5E5767045393}
	EndGlobalSection
EndGlobal
